# THIS IS AN AUTOGENERATED FILE. DO NOT EDIT THIS FILE DIRECTLY.
# yarn lockfile v1


"@playwright/test@^1.41.0":
  version "1.41.0"
  resolved "https://registry.yarnpkg.com/@playwright/test/-/test-1.41.0.tgz#b083e976295f1fe039c15d451c66554d7f37278c"
  integrity sha512-Grvzj841THwtpBOrfiHOeYTJQxDRnKofMSzCiV8XeyLWu3o89qftQ4BCKfkziJhSUQRd0utKhrddtIsiraIwmw==
  dependencies:
    playwright "1.41.0"

"@types/node@^20.11.5":
  version "20.11.5"
  resolved "https://registry.npmjs.org/@types/node/-/node-20.11.5.tgz"
  integrity sha512-g557vgQjUUfN76MZAN/dt1z3dzcUsimuysco0KeluHgrPdJXkP/XdAURgyO2W9fZWHRtRBiVKzKn8vyOAwlG+w==
  dependencies:
    undici-types "~5.26.4"

allure-js-commons@2.10.0:
  version "2.10.0"
  resolved "https://registry.yarnpkg.com/allure-js-commons/-/allure-js-commons-2.10.0.tgz#59edd18ac283bd58d848e47fc7e625342921a43a"
  integrity sha512-DgACWBU2dchQD8tQOo5Y0MXx08SSzdgCnKBdwrOu29vITYBXih+0r8SbmrFYQhjAbn8eKMM+mXq+rKtjZRa2oA==
  dependencies:
    properties "^1.2.1"

allure-playwright@^2.10.0:
  version "2.10.0"
  resolved "https://registry.yarnpkg.com/allure-playwright/-/allure-playwright-2.10.0.tgz#f5ff5a1dcc946ed92b056a1d45d7aa3c55b391ca"
  integrity sha512-zDljPJ/Fnyd2fn7msChtZebwkSVmAGLe/oWK7okGi0Ed+iHZ0E5Vwe5Z5MtUdfLjnT/OkOduwmS7R/DHeTXFSA==
  dependencies:
    allure-js-commons "2.10.0"

fsevents@2.3.2:
  version "2.3.2"
  resolved "https://registry.yarnpkg.com/fsevents/-/fsevents-2.3.2.tgz#8a526f78b8fdf4623b709e0b975c52c24c02fd1a"
  integrity sha512-xiqMQR4xAeHTuB9uWm+fFRcIOgKBMiOBP+eXiyT7jsgVCq1bkVygt00oASowB7EdtpOHaaPgKt812P9ab+DDKA==

playwright-core@1.41.0:
  version "1.41.0"
  resolved "https://registry.npmjs.org/playwright-core/-/playwright-core-1.41.0.tgz"
  integrity sha512-UGKASUhXmvqm2Lxa1fNr8sFwAtqjpgBRr9jQ7XBI8Rn5uFiEowGUGwrruUQsVPIom4bk7Lt+oLGpXobnXzrBIw==

playwright@1.41.0:
  version "1.41.0"
  resolved "https://registry.npmjs.org/playwright/-/playwright-1.41.0.tgz"
  integrity sha512-XOsfl5ZtAik/T9oek4V0jAypNlaCNzuKOwVhqhgYT3os6kH34PzbRb74F0VWcLYa5WFdnmxl7qyAHBXvPv7lqQ==
  dependencies:
    playwright-core "1.41.0"
  optionalDependencies:
    fsevents "2.3.2"

properties@^1.2.1:
  version "1.2.1"
  resolved "https://registry.yarnpkg.com/properties/-/properties-1.2.1.tgz#0ee97a7fc020b1a2a55b8659eda4aa8d869094bd"
  integrity sha512-qYNxyMj1JeW54i/EWEFsM1cVwxJbtgPp8+0Wg9XjNaK6VE/c4oRi6PNu5p7w1mNXEIQIjV5Wwn8v8Gz82/QzdQ==

undici-types@~5.26.4:
  version "5.26.5"
  resolved "https://registry.npmjs.org/undici-types/-/undici-types-5.26.5.tgz"
  integrity sha512-JlCMO+ehdEIKqlFxk6IfVoAUVmgz7cU7zD/h9XZ0qzeosSHmUJVOzSQvvYSYWXkFXC+IfLKSIffhv0sVZup6pA==
